
Microsoft Visual Studio Solution File, Format Version 12.00
# Visual Studio 15
VisualStudioVersion = 15.0.28307.168
MinimumVisualStudioVersion = 10.0.40219.1
Project("{E24C65DC-7377-472B-9ABA-BC803B73C61A}") = "Petro_MMS(5)", ".", "{402ED53D-79DD-4AA2-8600-FCC7AC1030D0}"
	ProjectSection(WebsiteProperties) = preProject
		TargetFrameworkMoniker = ".NETFramework,Version%3Dv4.6"
		Debug.AspNetCompiler.VirtualPath = "/localhost_60080"
		Debug.AspNetCompiler.PhysicalPath = "E:\nivas\Petro_MMS\Petro_MMS\"
		Debug.AspNetCompiler.TargetPath = "PrecompiledWeb\localhost_60080\"
		Debug.AspNetCompiler.Updateable = "true"
		Debug.AspNetCompiler.ForceOverwrite = "true"
		Debug.AspNetCompiler.FixedNames = "false"
		Debug.AspNetCompiler.Debug = "True"
		Release.AspNetCompiler.VirtualPath = "/localhost_60080"
		Release.AspNetCompiler.PhysicalPath = "E:\nivas\Petro_MMS\Petro_MMS\"
		Release.AspNetCompiler.TargetPath = "PrecompiledWeb\localhost_60080\"
		Release.AspNetCompiler.Updateable = "true"
		Release.AspNetCompiler.ForceOverwrite = "true"
		Release.AspNetCompiler.FixedNames = "false"
		Release.AspNetCompiler.Debug = "False"
		VWDPort = "60080"
	EndProjectSection
EndProject
Global
	GlobalSection(SolutionConfigurationPlatforms) = preSolution
		Debug|Any CPU = Debug|Any CPU
	EndGlobalSection
	GlobalSection(ProjectConfigurationPlatforms) = postSolution
		{402ED53D-79DD-4AA2-8600-FCC7AC1030D0}.Debug|Any CPU.ActiveCfg = Debug|Any CPU
		{402ED53D-79DD-4AA2-8600-FCC7AC1030D0}.Debug|Any CPU.Build.0 = Debug|Any CPU
	EndGlobalSection
	GlobalSection(SolutionProperties) = preSolution
		HideSolutionNode = FALSE
	EndGlobalSection
	GlobalSection(ExtensibilityGlobals) = postSolution
		SolutionGuid = {42CC9057-6DEC-4C52-B0DD-C8B162F57FFF}
	EndGlobalSection
EndGlobal
