
Microsoft Visual Studio Solution File, Format Version 12.00
# Visual Studio 15
VisualStudioVersion = 15.0.28307.779
MinimumVisualStudioVersion = 10.0.40219.1
Project("{E24C65DC-7377-472B-9ABA-BC803B73C61A}") = "petro", ".", "{0F7B922B-D909-40CE-89CD-D908AC8D4087}"
	ProjectSection(WebsiteProperties) = preProject
		TargetFrameworkMoniker = ".NETFramework,Version%3Dv4.6"
		Debug.AspNetCompiler.VirtualPath = "/localhost_57711"
		Debug.AspNetCompiler.PhysicalPath = "..\petro\"
		Debug.AspNetCompiler.TargetPath = "PrecompiledWeb\localhost_57711\"
		Debug.AspNetCompiler.Updateable = "true"
		Debug.AspNetCompiler.ForceOverwrite = "true"
		Debug.AspNetCompiler.FixedNames = "false"
		Debug.AspNetCompiler.Debug = "True"
		Release.AspNetCompiler.VirtualPath = "/localhost_57711"
		Release.AspNetCompiler.PhysicalPath = "..\petro\"
		Release.AspNetCompiler.TargetPath = "PrecompiledWeb\localhost_57711\"
		Release.AspNetCompiler.Updateable = "true"
		Release.AspNetCompiler.ForceOverwrite = "true"
		Release.AspNetCompiler.FixedNames = "false"
		Release.AspNetCompiler.Debug = "False"
		VWDPort = "57711"
		SlnRelativePath = "..\petro\"
	EndProjectSection
EndProject
Global
	GlobalSection(SolutionConfigurationPlatforms) = preSolution
		Debug|Any CPU = Debug|Any CPU
	EndGlobalSection
	GlobalSection(ProjectConfigurationPlatforms) = postSolution
		{0F7B922B-D909-40CE-89CD-D908AC8D4087}.Debug|Any CPU.ActiveCfg = Debug|Any CPU
		{0F7B922B-D909-40CE-89CD-D908AC8D4087}.Debug|Any CPU.Build.0 = Debug|Any CPU
	EndGlobalSection
	GlobalSection(SolutionProperties) = preSolution
		HideSolutionNode = FALSE
	EndGlobalSection
	GlobalSection(ExtensibilityGlobals) = postSolution
		SolutionGuid = {69CEBD72-F14E-4A9E-9E10-AFE924FE27E2}
	EndGlobalSection
EndGlobal
